// !$*UTF8*$!
{
	archiveVersion = 1;
	classes = {
	};
	objectVersion = 55;
	objects = {

/* Begin PBXBuildFile section */
		50127A3B28B51B69004E7844 /* ChatConnectionManager.swift in Sources */ = {isa = PBXBuildFile; fileRef = 50127A3A28B51B69004E7844 /* ChatConnectionManager.swift */; };
		50127A3E28B51B8E004E7844 /* BroadcastingManager.swift in Sources */ = {isa = PBXBuildFile; fileRef = 50127A3D28B51B8E004E7844 /* BroadcastingManager.swift */; };
		50127A4128B51BFA004E7844 /* Formatter.swift in Sources */ = {isa = PBXBuildFile; fileRef = 50127A4028B51BFA004E7844 /* Formatter.swift */; };
		50127A5028B51D1C004E7844 /* ButtonStyle.swift in Sources */ = {isa = PBXBuildFile; fileRef = 50127A4F28B51D1C004E7844 /* ButtonStyle.swift */; };
		502851E628BD22F5007D5512 /* StringExtension.swift in Sources */ = {isa = PBXBuildFile; fileRef = 502851E528BD22F5007D5512 /* StringExtension.swift */; };
		5029283E28B10C7100D2C4C3 /* Receipt_share.xcdatamodeld in Sources */ = {isa = PBXBuildFile; fileRef = 5029283C28B10C7100D2C4C3 /* Receipt_share.xcdatamodeld */; };
		5046608B28A757F40035C728 /* Receipt_shareApp.swift in Sources */ = {isa = PBXBuildFile; fileRef = 5046608A28A757F40035C728 /* Receipt_shareApp.swift */; };
		5046608D28A757F40035C728 /* MainView.swift in Sources */ = {isa = PBXBuildFile; fileRef = 5046608C28A757F40035C728 /* MainView.swift */; };
		5046608F28A757F80035C728 /* Assets.xcassets in Resources */ = {isa = PBXBuildFile; fileRef = 5046608E28A757F80035C728 /* Assets.xcassets */; };
		5046609228A757F80035C728 /* Preview Assets.xcassets in Resources */ = {isa = PBXBuildFile; fileRef = 5046609128A757F80035C728 /* Preview Assets.xcassets */; };
		5046609928A75A2A0035C728 /* ScannerController.swift in Sources */ = {isa = PBXBuildFile; fileRef = 5046609828A75A2A0035C728 /* ScannerController.swift */; };
		5083AD3128BD11F9007B8D77 /* PersistenceController.swift in Sources */ = {isa = PBXBuildFile; fileRef = 5083AD3028BD11F9007B8D77 /* PersistenceController.swift */; };
		5083AD3328BD123F007B8D77 /* DatabaseManageable.swift in Sources */ = {isa = PBXBuildFile; fileRef = 5083AD3228BD123F007B8D77 /* DatabaseManageable.swift */; };
		5083AD3728BD1292007B8D77 /* Helper.swift in Sources */ = {isa = PBXBuildFile; fileRef = 5083AD3628BD1292007B8D77 /* Helper.swift */; };
		5083AD3928BD12EB007B8D77 /* ReceiptItem.swift in Sources */ = {isa = PBXBuildFile; fileRef = 5083AD3828BD12EB007B8D77 /* ReceiptItem.swift */; };
		5083AD3B28BD1358007B8D77 /* Column.swift in Sources */ = {isa = PBXBuildFile; fileRef = 5083AD3A28BD1358007B8D77 /* Column.swift */; };
		5083AD3D28BD13EA007B8D77 /* DisplayRect.swift in Sources */ = {isa = PBXBuildFile; fileRef = 5083AD3C28BD13EA007B8D77 /* DisplayRect.swift */; };
		5083AD3F28BD13F3007B8D77 /* Item.swift in Sources */ = {isa = PBXBuildFile; fileRef = 5083AD3E28BD13F3007B8D77 /* Item.swift */; };
		5097E7B928BE1F210017E849 /* User.swift in Sources */ = {isa = PBXBuildFile; fileRef = 5097E7B828BE1F210017E849 /* User.swift */; };
		5097E7BB28BE40D70017E849 /* SelectionView.swift in Sources */ = {isa = PBXBuildFile; fileRef = 5097E7BA28BE40D70017E849 /* SelectionView.swift */; };
		5097E7BD28BE41D30017E849 /* ColumnView.swift in Sources */ = {isa = PBXBuildFile; fileRef = 5097E7BC28BE41D30017E849 /* ColumnView.swift */; };
		5097E7BF28BE45E00017E849 /* ChatMessage.swift in Sources */ = {isa = PBXBuildFile; fileRef = 5097E7BE28BE45E00017E849 /* ChatMessage.swift */; };
		5097E7C228BE54470017E849 /* Room.swift in Sources */ = {isa = PBXBuildFile; fileRef = 5097E7C128BE54470017E849 /* Room.swift */; };
		5097E7C428BE58610017E849 /* Selection.swift in Sources */ = {isa = PBXBuildFile; fileRef = 5097E7C328BE58610017E849 /* Selection.swift */; };
		50B5742E28A7D7BE00EA2DE0 /* DetailView.swift in Sources */ = {isa = PBXBuildFile; fileRef = 50B5742D28A7D7BE00EA2DE0 /* DetailView.swift */; };
		50B5743628A7DA7F00EA2DE0 /* Container.swift in Sources */ = {isa = PBXBuildFile; fileRef = 50B5743528A7DA7F00EA2DE0 /* Container.swift */; };
		50B5743C28A7DFEB00EA2DE0 /* LazyView.swift in Sources */ = {isa = PBXBuildFile; fileRef = 50B5743B28A7DFEB00EA2DE0 /* LazyView.swift */; };
		50B5743E28A8030D00EA2DE0 /* DocumentManager.swift in Sources */ = {isa = PBXBuildFile; fileRef = 50B5743D28A8030D00EA2DE0 /* DocumentManager.swift */; };
/* End PBXBuildFile section */

/* Begin PBXFileReference section */
		50127A3A28B51B69004E7844 /* ChatConnectionManager.swift */ = {isa = PBXFileReference; lastKnownFileType = sourcecode.swift; path = ChatConnectionManager.swift; sourceTree = "<group>"; };
		50127A3D28B51B8E004E7844 /* BroadcastingManager.swift */ = {isa = PBXFileReference; lastKnownFileType = sourcecode.swift; path = BroadcastingManager.swift; sourceTree = "<group>"; };
		50127A4028B51BFA004E7844 /* Formatter.swift */ = {isa = PBXFileReference; lastKnownFileType = sourcecode.swift; path = Formatter.swift; sourceTree = "<group>"; };
		50127A4F28B51D1C004E7844 /* ButtonStyle.swift */ = {isa = PBXFileReference; lastKnownFileType = sourcecode.swift; path = ButtonStyle.swift; sourceTree = "<group>"; };
		502851E528BD22F5007D5512 /* StringExtension.swift */ = {isa = PBXFileReference; lastKnownFileType = sourcecode.swift; path = StringExtension.swift; sourceTree = "<group>"; };
		5029283D28B10C7100D2C4C3 /* App_model.xcdatamodel */ = {isa = PBXFileReference; lastKnownFileType = wrapper.xcdatamodel; path = App_model.xcdatamodel; sourceTree = "<group>"; };
		5046608728A757F40035C728 /* Receipt_share.app */ = {isa = PBXFileReference; explicitFileType = wrapper.application; includeInIndex = 0; path = Receipt_share.app; sourceTree = BUILT_PRODUCTS_DIR; };
		5046608A28A757F40035C728 /* Receipt_shareApp.swift */ = {isa = PBXFileReference; lastKnownFileType = sourcecode.swift; path = Receipt_shareApp.swift; sourceTree = "<group>"; };
		5046608C28A757F40035C728 /* MainView.swift */ = {isa = PBXFileReference; lastKnownFileType = sourcecode.swift; path = MainView.swift; sourceTree = "<group>"; };
		5046608E28A757F80035C728 /* Assets.xcassets */ = {isa = PBXFileReference; lastKnownFileType = folder.assetcatalog; path = Assets.xcassets; sourceTree = "<group>"; };
		5046609128A757F80035C728 /* Preview Assets.xcassets */ = {isa = PBXFileReference; lastKnownFileType = folder.assetcatalog; path = "Preview Assets.xcassets"; sourceTree = "<group>"; };
		5046609828A75A2A0035C728 /* ScannerController.swift */ = {isa = PBXFileReference; lastKnownFileType = sourcecode.swift; path = ScannerController.swift; sourceTree = "<group>"; };
		5083AD3028BD11F9007B8D77 /* PersistenceController.swift */ = {isa = PBXFileReference; lastKnownFileType = sourcecode.swift; path = PersistenceController.swift; sourceTree = "<group>"; };
		5083AD3228BD123F007B8D77 /* DatabaseManageable.swift */ = {isa = PBXFileReference; lastKnownFileType = sourcecode.swift; path = DatabaseManageable.swift; sourceTree = "<group>"; };
		5083AD3628BD1292007B8D77 /* Helper.swift */ = {isa = PBXFileReference; lastKnownFileType = sourcecode.swift; path = Helper.swift; sourceTree = "<group>"; };
		5083AD3828BD12EB007B8D77 /* ReceiptItem.swift */ = {isa = PBXFileReference; lastKnownFileType = sourcecode.swift; path = ReceiptItem.swift; sourceTree = "<group>"; };
		5083AD3A28BD1358007B8D77 /* Column.swift */ = {isa = PBXFileReference; lastKnownFileType = sourcecode.swift; path = Column.swift; sourceTree = "<group>"; };
		5083AD3C28BD13EA007B8D77 /* DisplayRect.swift */ = {isa = PBXFileReference; lastKnownFileType = sourcecode.swift; path = DisplayRect.swift; sourceTree = "<group>"; };
		5083AD3E28BD13F3007B8D77 /* Item.swift */ = {isa = PBXFileReference; lastKnownFileType = sourcecode.swift; path = Item.swift; sourceTree = "<group>"; };
		5097E7B828BE1F210017E849 /* User.swift */ = {isa = PBXFileReference; lastKnownFileType = sourcecode.swift; path = User.swift; sourceTree = "<group>"; };
		5097E7BA28BE40D70017E849 /* SelectionView.swift */ = {isa = PBXFileReference; lastKnownFileType = sourcecode.swift; path = SelectionView.swift; sourceTree = "<group>"; };
		5097E7BC28BE41D30017E849 /* ColumnView.swift */ = {isa = PBXFileReference; lastKnownFileType = sourcecode.swift; path = ColumnView.swift; sourceTree = "<group>"; };
		5097E7BE28BE45E00017E849 /* ChatMessage.swift */ = {isa = PBXFileReference; lastKnownFileType = sourcecode.swift; path = ChatMessage.swift; sourceTree = "<group>"; };
		5097E7C128BE54470017E849 /* Room.swift */ = {isa = PBXFileReference; lastKnownFileType = sourcecode.swift; path = Room.swift; sourceTree = "<group>"; };
		5097E7C328BE58610017E849 /* Selection.swift */ = {isa = PBXFileReference; lastKnownFileType = sourcecode.swift; path = Selection.swift; sourceTree = "<group>"; };
		50B5742D28A7D7BE00EA2DE0 /* DetailView.swift */ = {isa = PBXFileReference; lastKnownFileType = sourcecode.swift; path = DetailView.swift; sourceTree = "<group>"; };
		50B5743528A7DA7F00EA2DE0 /* Container.swift */ = {isa = PBXFileReference; lastKnownFileType = sourcecode.swift; path = Container.swift; sourceTree = "<group>"; };
		50B5743B28A7DFEB00EA2DE0 /* LazyView.swift */ = {isa = PBXFileReference; lastKnownFileType = sourcecode.swift; path = LazyView.swift; sourceTree = "<group>"; };
		50B5743D28A8030D00EA2DE0 /* DocumentManager.swift */ = {isa = PBXFileReference; lastKnownFileType = sourcecode.swift; path = DocumentManager.swift; sourceTree = "<group>"; };
/* End PBXFileReference section */

/* Begin PBXFrameworksBuildPhase section */
		5046608428A757F40035C728 /* Frameworks */ = {
			isa = PBXFrameworksBuildPhase;
			buildActionMask = 2147483647;
			files = (
			);
			runOnlyForDeploymentPostprocessing = 0;
		};
/* End PBXFrameworksBuildPhase section */

/* Begin PBXGroup section */
		50127A3928B51B59004E7844 /* Connection */ = {
			isa = PBXGroup;
			children = (
				50127A3D28B51B8E004E7844 /* BroadcastingManager.swift */,
				50127A3A28B51B69004E7844 /* ChatConnectionManager.swift */,
			);
			path = Connection;
			sourceTree = "<group>";
		};
		50127A3F28B51BEE004E7844 /* Utility */ = {
			isa = PBXGroup;
			children = (
				50127A4028B51BFA004E7844 /* Formatter.swift */,
				5083AD3628BD1292007B8D77 /* Helper.swift */,
				502851E528BD22F5007D5512 /* StringExtension.swift */,
			);
			name = Utility;
			sourceTree = "<group>";
		};
		50127A4328B51CD1004E7844 /* Chat */ = {
			isa = PBXGroup;
			children = (
				5097E7BA28BE40D70017E849 /* SelectionView.swift */,
			);
			path = Chat;
			sourceTree = "<group>";
		};
		50127A4E28B51CE6004E7844 /* Module */ = {
			isa = PBXGroup;
			children = (
				50127A4328B51CD1004E7844 /* Chat */,
				50B5742C28A7D7AF00EA2DE0 /* Detail */,
				50B5742B28A7D76300EA2DE0 /* Main */,
				5046608A28A757F40035C728 /* Receipt_shareApp.swift */,
			);
			path = Module;
			sourceTree = "<group>";
		};
		5046607E28A757F30035C728 = {
			isa = PBXGroup;
			children = (
				5029283C28B10C7100D2C4C3 /* Receipt_share.xcdatamodeld */,
				5046608928A757F40035C728 /* Receipt_share */,
				5046608828A757F40035C728 /* Products */,
			);
			sourceTree = "<group>";
		};
		5046608828A757F40035C728 /* Products */ = {
			isa = PBXGroup;
			children = (
				5046608728A757F40035C728 /* Receipt_share.app */,
			);
			name = Products;
			sourceTree = "<group>";
		};
		5046608928A757F40035C728 /* Receipt_share */ = {
			isa = PBXGroup;
			children = (
				50127A4E28B51CE6004E7844 /* Module */,
				50127A3F28B51BEE004E7844 /* Utility */,
				50127A3928B51B59004E7844 /* Connection */,
				50B5743A28A7DFDD00EA2DE0 /* Components */,
				50B5743728A7DF5700EA2DE0 /* Model */,
				50B5743428A7DA7500EA2DE0 /* Parser */,
				50B5742F28A7D9D000EA2DE0 /* Cache */,
				5046608E28A757F80035C728 /* Assets.xcassets */,
				5046609028A757F80035C728 /* Preview Content */,
			);
			path = Receipt_share;
			sourceTree = "<group>";
		};
		5046609028A757F80035C728 /* Preview Content */ = {
			isa = PBXGroup;
			children = (
				5046609128A757F80035C728 /* Preview Assets.xcassets */,
			);
			path = "Preview Content";
			sourceTree = "<group>";
		};
		5083AD3428BD124D007B8D77 /* Database */ = {
			isa = PBXGroup;
			children = (
				5083AD3028BD11F9007B8D77 /* PersistenceController.swift */,
				5083AD3228BD123F007B8D77 /* DatabaseManageable.swift */,
			);
			path = Database;
			sourceTree = "<group>";
		};
		5083AD3528BD125A007B8D77 /* Models */ = {
			isa = PBXGroup;
			children = (
				5083AD3828BD12EB007B8D77 /* ReceiptItem.swift */,
				5083AD3A28BD1358007B8D77 /* Column.swift */,
				5083AD3C28BD13EA007B8D77 /* DisplayRect.swift */,
				5083AD3E28BD13F3007B8D77 /* Item.swift */,
				5097E7B828BE1F210017E849 /* User.swift */,
				5097E7C128BE54470017E849 /* Room.swift */,
				5097E7C328BE58610017E849 /* Selection.swift */,
			);
			path = Models;
			sourceTree = "<group>";
		};
		50B5742B28A7D76300EA2DE0 /* Main */ = {
			isa = PBXGroup;
			children = (
				5046609828A75A2A0035C728 /* ScannerController.swift */,
				5046608C28A757F40035C728 /* MainView.swift */,
			);
			path = Main;
			sourceTree = "<group>";
		};
		50B5742C28A7D7AF00EA2DE0 /* Detail */ = {
			isa = PBXGroup;
			children = (
				50B5742D28A7D7BE00EA2DE0 /* DetailView.swift */,
				5097E7BC28BE41D30017E849 /* ColumnView.swift */,
			);
			path = Detail;
			sourceTree = "<group>";
		};
		50B5742F28A7D9D000EA2DE0 /* Cache */ = {
			isa = PBXGroup;
			children = (
				50B5743D28A8030D00EA2DE0 /* DocumentManager.swift */,
			);
			path = Cache;
			sourceTree = "<group>";
		};
		50B5743428A7DA7500EA2DE0 /* Parser */ = {
			isa = PBXGroup;
			children = (
				50B5743528A7DA7F00EA2DE0 /* Container.swift */,
			);
			path = Parser;
			sourceTree = "<group>";
		};
		50B5743728A7DF5700EA2DE0 /* Model */ = {
			isa = PBXGroup;
			children = (
				5083AD3528BD125A007B8D77 /* Models */,
				5083AD3428BD124D007B8D77 /* Database */,
				5097E7BE28BE45E00017E849 /* ChatMessage.swift */,
			);
			path = Model;
			sourceTree = "<group>";
		};
		50B5743A28A7DFDD00EA2DE0 /* Components */ = {
			isa = PBXGroup;
			children = (
				50B5743B28A7DFEB00EA2DE0 /* LazyView.swift */,
				50127A4F28B51D1C004E7844 /* ButtonStyle.swift */,
			);
			path = Components;
			sourceTree = "<group>";
		};
/* End PBXGroup section */

/* Begin PBXNativeTarget section */
		5046608628A757F40035C728 /* Receipt_share */ = {
			isa = PBXNativeTarget;
			buildConfigurationList = 5046609528A757F80035C728 /* Build configuration list for PBXNativeTarget "Receipt_share" */;
			buildPhases = (
				5046608328A757F40035C728 /* Sources */,
				5046608428A757F40035C728 /* Frameworks */,
				5046608528A757F40035C728 /* Resources */,
			);
			buildRules = (
			);
			dependencies = (
			);
			name = Receipt_share;
			productName = Receipt_share;
			productReference = 5046608728A757F40035C728 /* Receipt_share.app */;
			productType = "com.apple.product-type.application";
		};
/* End PBXNativeTarget section */

/* Begin PBXProject section */
		5046607F28A757F30035C728 /* Project object */ = {
			isa = PBXProject;
			attributes = {
				BuildIndependentTargetsInParallel = 1;
				LastSwiftUpdateCheck = 1340;
				LastUpgradeCheck = 1340;
				TargetAttributes = {
					5046608628A757F40035C728 = {
						CreatedOnToolsVersion = 13.4.1;
					};
				};
			};
			buildConfigurationList = 5046608228A757F30035C728 /* Build configuration list for PBXProject "Receipt_share" */;
			compatibilityVersion = "Xcode 13.0";
			developmentRegion = en;
			hasScannedForEncodings = 0;
			knownRegions = (
				en,
				Base,
			);
			mainGroup = 5046607E28A757F30035C728;
			productRefGroup = 5046608828A757F40035C728 /* Products */;
			projectDirPath = "";
			projectRoot = "";
			targets = (
				5046608628A757F40035C728 /* Receipt_share */,
			);
		};
/* End PBXProject section */

/* Begin PBXResourcesBuildPhase section */
		5046608528A757F40035C728 /* Resources */ = {
			isa = PBXResourcesBuildPhase;
			buildActionMask = 2147483647;
			files = (
				5046609228A757F80035C728 /* Preview Assets.xcassets in Resources */,
				5046608F28A757F80035C728 /* Assets.xcassets in Resources */,
			);
			runOnlyForDeploymentPostprocessing = 0;
		};
/* End PBXResourcesBuildPhase section */

/* Begin PBXSourcesBuildPhase section */
		5046608328A757F40035C728 /* Sources */ = {
			isa = PBXSourcesBuildPhase;
			buildActionMask = 2147483647;
			files = (
				5029283E28B10C7100D2C4C3 /* Receipt_share.xcdatamodeld in Sources */,
				5097E7BD28BE41D30017E849 /* ColumnView.swift in Sources */,
				5097E7B928BE1F210017E849 /* User.swift in Sources */,
				5083AD3328BD123F007B8D77 /* DatabaseManageable.swift in Sources */,
				5097E7C428BE58610017E849 /* Selection.swift in Sources */,
				5046608D28A757F40035C728 /* MainView.swift in Sources */,
				50127A3E28B51B8E004E7844 /* BroadcastingManager.swift in Sources */,
				50B5742E28A7D7BE00EA2DE0 /* DetailView.swift in Sources */,
				50B5743E28A8030D00EA2DE0 /* DocumentManager.swift in Sources */,
				5097E7C228BE54470017E849 /* Room.swift in Sources */,
				5083AD3128BD11F9007B8D77 /* PersistenceController.swift in Sources */,
				5083AD3B28BD1358007B8D77 /* Column.swift in Sources */,
				5083AD3728BD1292007B8D77 /* Helper.swift in Sources */,
				5083AD3928BD12EB007B8D77 /* ReceiptItem.swift in Sources */,
				50B5743628A7DA7F00EA2DE0 /* Container.swift in Sources */,
				5046608B28A757F40035C728 /* Receipt_shareApp.swift in Sources */,
				5097E7BB28BE40D70017E849 /* SelectionView.swift in Sources */,
				50B5743C28A7DFEB00EA2DE0 /* LazyView.swift in Sources */,
				50127A4128B51BFA004E7844 /* Formatter.swift in Sources */,
				50127A5028B51D1C004E7844 /* ButtonStyle.swift in Sources */,
				50127A3B28B51B69004E7844 /* ChatConnectionManager.swift in Sources */,
				5097E7BF28BE45E00017E849 /* ChatMessage.swift in Sources */,
				5083AD3F28BD13F3007B8D77 /* Item.swift in Sources */,
				5046609928A75A2A0035C728 /* ScannerController.swift in Sources */,
				502851E628BD22F5007D5512 /* StringExtension.swift in Sources */,
				5083AD3D28BD13EA007B8D77 /* DisplayRect.swift in Sources */,
			);
			runOnlyForDeploymentPostprocessing = 0;
		};
/* End PBXSourcesBuildPhase section */

/* Begin XCBuildConfiguration section */
		5046609328A757F80035C728 /* Debug */ = {
			isa = XCBuildConfiguration;
			buildSettings = {
				ALWAYS_SEARCH_USER_PATHS = NO;
				CLANG_ANALYZER_NONNULL = YES;
				CLANG_ANALYZER_NUMBER_OBJECT_CONVERSION = YES_AGGRESSIVE;
				CLANG_CXX_LANGUAGE_STANDARD = "gnu++17";
				CLANG_ENABLE_MODULES = YES;
				CLANG_ENABLE_OBJC_ARC = YES;
				CLANG_ENABLE_OBJC_WEAK = YES;
				CLANG_WARN_BLOCK_CAPTURE_AUTORELEASING = YES;
				CLANG_WARN_BOOL_CONVERSION = YES;
				CLANG_WARN_COMMA = YES;
				CLANG_WARN_CONSTANT_CONVERSION = YES;
				CLANG_WARN_DEPRECATED_OBJC_IMPLEMENTATIONS = YES;
				CLANG_WARN_DIRECT_OBJC_ISA_USAGE = YES_ERROR;
				CLANG_WARN_DOCUMENTATION_COMMENTS = YES;
				CLANG_WARN_EMPTY_BODY = YES;
				CLANG_WARN_ENUM_CONVERSION = YES;
				CLANG_WARN_INFINITE_RECURSION = YES;
				CLANG_WARN_INT_CONVERSION = YES;
				CLANG_WARN_NON_LITERAL_NULL_CONVERSION = YES;
				CLANG_WARN_OBJC_IMPLICIT_RETAIN_SELF = YES;
				CLANG_WARN_OBJC_LITERAL_CONVERSION = YES;
				CLANG_WARN_OBJC_ROOT_CLASS = YES_ERROR;
				CLANG_WARN_QUOTED_INCLUDE_IN_FRAMEWORK_HEADER = YES;
				CLANG_WARN_RANGE_LOOP_ANALYSIS = YES;
				CLANG_WARN_STRICT_PROTOTYPES = YES;
				CLANG_WARN_SUSPICIOUS_MOVE = YES;
				CLANG_WARN_UNGUARDED_AVAILABILITY = YES_AGGRESSIVE;
				CLANG_WARN_UNREACHABLE_CODE = YES;
				CLANG_WARN__DUPLICATE_METHOD_MATCH = YES;
				COPY_PHASE_STRIP = NO;
				DEBUG_INFORMATION_FORMAT = dwarf;
				ENABLE_STRICT_OBJC_MSGSEND = YES;
				ENABLE_TESTABILITY = YES;
				GCC_C_LANGUAGE_STANDARD = gnu11;
				GCC_DYNAMIC_NO_PIC = NO;
				GCC_NO_COMMON_BLOCKS = YES;
				GCC_OPTIMIZATION_LEVEL = 0;
				GCC_PREPROCESSOR_DEFINITIONS = (
					"DEBUG=1",
					"$(inherited)",
				);
				GCC_WARN_64_TO_32_BIT_CONVERSION = YES;
				GCC_WARN_ABOUT_RETURN_TYPE = YES_ERROR;
				GCC_WARN_UNDECLARED_SELECTOR = YES;
				GCC_WARN_UNINITIALIZED_AUTOS = YES_AGGRESSIVE;
				GCC_WARN_UNUSED_FUNCTION = YES;
				GCC_WARN_UNUSED_VARIABLE = YES;
				IPHONEOS_DEPLOYMENT_TARGET = 15.5;
				MTL_ENABLE_DEBUG_INFO = INCLUDE_SOURCE;
				MTL_FAST_MATH = YES;
				ONLY_ACTIVE_ARCH = YES;
				SDKROOT = iphoneos;
				SWIFT_ACTIVE_COMPILATION_CONDITIONS = DEBUG;
				SWIFT_OPTIMIZATION_LEVEL = "-Onone";
			};
			name = Debug;
		};
		5046609428A757F80035C728 /* Release */ = {
			isa = XCBuildConfiguration;
			buildSettings = {
				ALWAYS_SEARCH_USER_PATHS = NO;
				CLANG_ANALYZER_NONNULL = YES;
				CLANG_ANALYZER_NUMBER_OBJECT_CONVERSION = YES_AGGRESSIVE;
				CLANG_CXX_LANGUAGE_STANDARD = "gnu++17";
				CLANG_ENABLE_MODULES = YES;
				CLANG_ENABLE_OBJC_ARC = YES;
				CLANG_ENABLE_OBJC_WEAK = YES;
				CLANG_WARN_BLOCK_CAPTURE_AUTORELEASING = YES;
				CLANG_WARN_BOOL_CONVERSION = YES;
				CLANG_WARN_COMMA = YES;
				CLANG_WARN_CONSTANT_CONVERSION = YES;
				CLANG_WARN_DEPRECATED_OBJC_IMPLEMENTATIONS = YES;
				CLANG_WARN_DIRECT_OBJC_ISA_USAGE = YES_ERROR;
				CLANG_WARN_DOCUMENTATION_COMMENTS = YES;
				CLANG_WARN_EMPTY_BODY = YES;
				CLANG_WARN_ENUM_CONVERSION = YES;
				CLANG_WARN_INFINITE_RECURSION = YES;
				CLANG_WARN_INT_CONVERSION = YES;
				CLANG_WARN_NON_LITERAL_NULL_CONVERSION = YES;
				CLANG_WARN_OBJC_IMPLICIT_RETAIN_SELF = YES;
				CLANG_WARN_OBJC_LITERAL_CONVERSION = YES;
				CLANG_WARN_OBJC_ROOT_CLASS = YES_ERROR;
				CLANG_WARN_QUOTED_INCLUDE_IN_FRAMEWORK_HEADER = YES;
				CLANG_WARN_RANGE_LOOP_ANALYSIS = YES;
				CLANG_WARN_STRICT_PROTOTYPES = YES;
				CLANG_WARN_SUSPICIOUS_MOVE = YES;
				CLANG_WARN_UNGUARDED_AVAILABILITY = YES_AGGRESSIVE;
				CLANG_WARN_UNREACHABLE_CODE = YES;
				CLANG_WARN__DUPLICATE_METHOD_MATCH = YES;
				COPY_PHASE_STRIP = NO;
				DEBUG_INFORMATION_FORMAT = "dwarf-with-dsym";
				ENABLE_NS_ASSERTIONS = NO;
				ENABLE_STRICT_OBJC_MSGSEND = YES;
				GCC_C_LANGUAGE_STANDARD = gnu11;
				GCC_NO_COMMON_BLOCKS = YES;
				GCC_WARN_64_TO_32_BIT_CONVERSION = YES;
				GCC_WARN_ABOUT_RETURN_TYPE = YES_ERROR;
				GCC_WARN_UNDECLARED_SELECTOR = YES;
				GCC_WARN_UNINITIALIZED_AUTOS = YES_AGGRESSIVE;
				GCC_WARN_UNUSED_FUNCTION = YES;
				GCC_WARN_UNUSED_VARIABLE = YES;
				IPHONEOS_DEPLOYMENT_TARGET = 15.5;
				MTL_ENABLE_DEBUG_INFO = NO;
				MTL_FAST_MATH = YES;
				SDKROOT = iphoneos;
				SWIFT_COMPILATION_MODE = wholemodule;
				SWIFT_OPTIMIZATION_LEVEL = "-O";
				VALIDATE_PRODUCT = YES;
			};
			name = Release;
		};
		5046609628A757F80035C728 /* Debug */ = {
			isa = XCBuildConfiguration;
			buildSettings = {
				ASSETCATALOG_COMPILER_APPICON_NAME = AppIcon;
				ASSETCATALOG_COMPILER_GLOBAL_ACCENT_COLOR_NAME = AccentColor;
				CODE_SIGN_STYLE = Automatic;
				CURRENT_PROJECT_VERSION = 1;
				DEVELOPMENT_ASSET_PATHS = "\"Receipt_share/Preview Content\"";
				DEVELOPMENT_TEAM = CE53774E6S;
				ENABLE_PREVIEWS = YES;
				GENERATE_INFOPLIST_FILE = YES;
				INFOPLIST_KEY_NSCameraUsageDescription = "Scan receipts to share with your friends";
				INFOPLIST_KEY_UIApplicationSceneManifest_Generation = YES;
				INFOPLIST_KEY_UIApplicationSupportsIndirectInputEvents = YES;
				INFOPLIST_KEY_UILaunchScreen_Generation = YES;
				INFOPLIST_KEY_UISupportedInterfaceOrientations_iPad = "UIInterfaceOrientationPortrait UIInterfaceOrientationPortraitUpsideDown UIInterfaceOrientationLandscapeLeft UIInterfaceOrientationLandscapeRight";
				INFOPLIST_KEY_UISupportedInterfaceOrientations_iPhone = "UIInterfaceOrientationPortrait UIInterfaceOrientationLandscapeLeft UIInterfaceOrientationLandscapeRight";
				LD_RUNPATH_SEARCH_PATHS = (
					"$(inherited)",
					"@executable_path/Frameworks",
				);
				MARKETING_VERSION = 1.0;
				PRODUCT_BUNDLE_IDENTIFIER = "com.machx20.receiptshare.Receipt-share";
				PRODUCT_NAME = "$(TARGET_NAME)";
				SWIFT_EMIT_LOC_STRINGS = YES;
				SWIFT_VERSION = 5.0;
				TARGETED_DEVICE_FAMILY = "1,2";
			};
			name = Debug;
		};
		5046609728A757F80035C728 /* Release */ = {
			isa = XCBuildConfiguration;
			buildSettings = {
				ASSETCATALOG_COMPILER_APPICON_NAME = AppIcon;
				ASSETCATALOG_COMPILER_GLOBAL_ACCENT_COLOR_NAME = AccentColor;
				CODE_SIGN_STYLE = Automatic;
				CURRENT_PROJECT_VERSION = 1;
				DEVELOPMENT_ASSET_PATHS = "\"Receipt_share/Preview Content\"";
				DEVELOPMENT_TEAM = CE53774E6S;
				ENABLE_PREVIEWS = YES;
				GENERATE_INFOPLIST_FILE = YES;
				INFOPLIST_KEY_NSCameraUsageDescription = "Scan receipts to share with your friends";
				INFOPLIST_KEY_UIApplicationSceneManifest_Generation = YES;
				INFOPLIST_KEY_UIApplicationSupportsIndirectInputEvents = YES;
				INFOPLIST_KEY_UILaunchScreen_Generation = YES;
				INFOPLIST_KEY_UISupportedInterfaceOrientations_iPad = "UIInterfaceOrientationPortrait UIInterfaceOrientationPortraitUpsideDown UIInterfaceOrientationLandscapeLeft UIInterfaceOrientationLandscapeRight";
				INFOPLIST_KEY_UISupportedInterfaceOrientations_iPhone = "UIInterfaceOrientationPortrait UIInterfaceOrientationLandscapeLeft UIInterfaceOrientationLandscapeRight";
				LD_RUNPATH_SEARCH_PATHS = (
					"$(inherited)",
					"@executable_path/Frameworks",
				);
				MARKETING_VERSION = 1.0;
				PRODUCT_BUNDLE_IDENTIFIER = "com.machx20.receiptshare.Receipt-share";
				PRODUCT_NAME = "$(TARGET_NAME)";
				SWIFT_EMIT_LOC_STRINGS = YES;
				SWIFT_VERSION = 5.0;
				TARGETED_DEVICE_FAMILY = "1,2";
			};
			name = Release;
		};
/* End XCBuildConfiguration section */

/* Begin XCConfigurationList section */
		5046608228A757F30035C728 /* Build configuration list for PBXProject "Receipt_share" */ = {
			isa = XCConfigurationList;
			buildConfigurations = (
				5046609328A757F80035C728 /* Debug */,
				5046609428A757F80035C728 /* Release */,
			);
			defaultConfigurationIsVisible = 0;
			defaultConfigurationName = Release;
		};
		5046609528A757F80035C728 /* Build configuration list for PBXNativeTarget "Receipt_share" */ = {
			isa = XCConfigurationList;
			buildConfigurations = (
				5046609628A757F80035C728 /* Debug */,
				5046609728A757F80035C728 /* Release */,
			);
			defaultConfigurationIsVisible = 0;
			defaultConfigurationName = Release;
		};
/* End XCConfigurationList section */

/* Begin XCVersionGroup section */
		5029283C28B10C7100D2C4C3 /* Receipt_share.xcdatamodeld */ = {
			isa = XCVersionGroup;
			children = (
				5029283D28B10C7100D2C4C3 /* App_model.xcdatamodel */,
			);
			currentVersion = 5029283D28B10C7100D2C4C3 /* App_model.xcdatamodel */;
			path = Receipt_share.xcdatamodeld;
			sourceTree = "<group>";
			versionGroupType = wrapper.xcdatamodel;
		};
/* End XCVersionGroup section */
	};
	rootObject = 5046607F28A757F30035C728 /* Project object */;
}
